// !$*UTF8*$!
{
	archiveVersion = 1;
	classes = {
	};
	objectVersion = 55;
	objects = {

/* Begin PBXBuildFile section */
		A307D97C29A0D5F200B28886 /* CustomTabBar.swift in Sources */ = {isa = PBXBuildFile; fileRef = A307D97B29A0D5F200B28886 /* CustomTabBar.swift */; };
		A3B2D088299EBCEA004BD193 /* TabBarDemoInSwiftApp.swift in Sources */ = {isa = PBXBuildFile; fileRef = A3B2D087299EBCEA004BD193 /* TabBarDemoInSwiftApp.swift */; };
		A3B2D08A299EBCEA004BD193 /* ContentView.swift in Sources */ = {isa = PBXBuildFile; fileRef = A3B2D089299EBCEA004BD193 /* ContentView.swift */; };
		A3B2D08C299EBCEC004BD193 /* Assets.xcassets in Resources */ = {isa = PBXBuildFile; fileRef = A3B2D08B299EBCEC004BD193 /* Assets.xcassets */; };
		A3B2D08F299EBCEC004BD193 /* Preview Assets.xcassets in Resources */ = {isa = PBXBuildFile; fileRef = A3B2D08E299EBCEC004BD193 /* Preview Assets.xcassets */; };
		A3B2D099299EBCEC004BD193 /* TabBarDemoInSwiftTests.swift in Sources */ = {isa = PBXBuildFile; fileRef = A3B2D098299EBCEC004BD193 /* TabBarDemoInSwiftTests.swift */; };
		A3B2D0A3299EBCEC004BD193 /* TabBarDemoInSwiftUITests.swift in Sources */ = {isa = PBXBuildFile; fileRef = A3B2D0A2299EBCEC004BD193 /* TabBarDemoInSwiftUITests.swift */; };
		A3B2D0A5299EBCEC004BD193 /* TabBarDemoInSwiftUITestsLaunchTests.swift in Sources */ = {isa = PBXBuildFile; fileRef = A3B2D0A4299EBCEC004BD193 /* TabBarDemoInSwiftUITestsLaunchTests.swift */; };
/* End PBXBuildFile section */

/* Begin PBXContainerItemProxy section */
		A3B2D095299EBCEC004BD193 /* PBXContainerItemProxy */ = {
			isa = PBXContainerItemProxy;
			containerPortal = A3B2D07C299EBCEA004BD193 /* Project object */;
			proxyType = 1;
			remoteGlobalIDString = A3B2D083299EBCEA004BD193;
			remoteInfo = TabBarDemoInSwift;
		};
		A3B2D09F299EBCEC004BD193 /* PBXContainerItemProxy */ = {
			isa = PBXContainerItemProxy;
			containerPortal = A3B2D07C299EBCEA004BD193 /* Project object */;
			proxyType = 1;
			remoteGlobalIDString = A3B2D083299EBCEA004BD193;
			remoteInfo = TabBarDemoInSwift;
		};
/* End PBXContainerItemProxy section */

/* Begin PBXFileReference section */
		A307D97B29A0D5F200B28886 /* CustomTabBar.swift */ = {isa = PBXFileReference; lastKnownFileType = sourcecode.swift; path = CustomTabBar.swift; sourceTree = "<group>"; };
		A3B2D084299EBCEA004BD193 /* TabBarDemoInSwift.app */ = {isa = PBXFileReference; explicitFileType = wrapper.application; includeInIndex = 0; path = TabBarDemoInSwift.app; sourceTree = BUILT_PRODUCTS_DIR; };
		A3B2D087299EBCEA004BD193 /* TabBarDemoInSwiftApp.swift */ = {isa = PBXFileReference; lastKnownFileType = sourcecode.swift; path = TabBarDemoInSwiftApp.swift; sourceTree = "<group>"; };
		A3B2D089299EBCEA004BD193 /* ContentView.swift */ = {isa = PBXFileReference; lastKnownFileType = sourcecode.swift; path = ContentView.swift; sourceTree = "<group>"; };
		A3B2D08B299EBCEC004BD193 /* Assets.xcassets */ = {isa = PBXFileReference; lastKnownFileType = folder.assetcatalog; path = Assets.xcassets; sourceTree = "<group>"; };
		A3B2D08E299EBCEC004BD193 /* Preview Assets.xcassets */ = {isa = PBXFileReference; lastKnownFileType = folder.assetcatalog; path = "Preview Assets.xcassets"; sourceTree = "<group>"; };
		A3B2D094299EBCEC004BD193 /* TabBarDemoInSwiftTests.xctest */ = {isa = PBXFileReference; explicitFileType = wrapper.cfbundle; includeInIndex = 0; path = TabBarDemoInSwiftTests.xctest; sourceTree = BUILT_PRODUCTS_DIR; };
		A3B2D098299EBCEC004BD193 /* TabBarDemoInSwiftTests.swift */ = {isa = PBXFileReference; lastKnownFileType = sourcecode.swift; path = TabBarDemoInSwiftTests.swift; sourceTree = "<group>"; };
		A3B2D09E299EBCEC004BD193 /* TabBarDemoInSwiftUITests.xctest */ = {isa = PBXFileReference; explicitFileType = wrapper.cfbundle; includeInIndex = 0; path = TabBarDemoInSwiftUITests.xctest; sourceTree = BUILT_PRODUCTS_DIR; };
		A3B2D0A2299EBCEC004BD193 /* TabBarDemoInSwiftUITests.swift */ = {isa = PBXFileReference; lastKnownFileType = sourcecode.swift; path = TabBarDemoInSwiftUITests.swift; sourceTree = "<group>"; };
		A3B2D0A4299EBCEC004BD193 /* TabBarDemoInSwiftUITestsLaunchTests.swift */ = {isa = PBXFileReference; lastKnownFileType = sourcecode.swift; path = TabBarDemoInSwiftUITestsLaunchTests.swift; sourceTree = "<group>"; };
/* End PBXFileReference section */

/* Begin PBXFrameworksBuildPhase section */
		A3B2D081299EBCEA004BD193 /* Frameworks */ = {
			isa = PBXFrameworksBuildPhase;
			buildActionMask = 2147483647;
			files = (
			);
			runOnlyForDeploymentPostprocessing = 0;
		};
		A3B2D091299EBCEC004BD193 /* Frameworks */ = {
			isa = PBXFrameworksBuildPhase;
			buildActionMask = 2147483647;
			files = (
			);
			runOnlyForDeploymentPostprocessing = 0;
		};
		A3B2D09B299EBCEC004BD193 /* Frameworks */ = {
			isa = PBXFrameworksBuildPhase;
			buildActionMask = 2147483647;
			files = (
			);
			runOnlyForDeploymentPostprocessing = 0;
		};
/* End PBXFrameworksBuildPhase section */

/* Begin PBXGroup section */
		A3B2D07B299EBCEA004BD193 = {
			isa = PBXGroup;
			children = (
				A3B2D086299EBCEA004BD193 /* TabBarDemoInSwift */,
				A3B2D097299EBCEC004BD193 /* TabBarDemoInSwiftTests */,
				A3B2D0A1299EBCEC004BD193 /* TabBarDemoInSwiftUITests */,
				A3B2D085299EBCEA004BD193 /* Products */,
			);
			sourceTree = "<group>";
		};
		A3B2D085299EBCEA004BD193 /* Products */ = {
			isa = PBXGroup;
			children = (
				A3B2D084299EBCEA004BD193 /* TabBarDemoInSwift.app */,
				A3B2D094299EBCEC004BD193 /* TabBarDemoInSwiftTests.xctest */,
				A3B2D09E299EBCEC004BD193 /* TabBarDemoInSwiftUITests.xctest */,
			);
			name = Products;
			sourceTree = "<group>";
		};
		A3B2D086299EBCEA004BD193 /* TabBarDemoInSwift */ = {
			isa = PBXGroup;
			children = (
				A3B2D087299EBCEA004BD193 /* TabBarDemoInSwiftApp.swift */,
				A3B2D089299EBCEA004BD193 /* ContentView.swift */,
				A307D97B29A0D5F200B28886 /* CustomTabBar.swift */,
				A3B2D08B299EBCEC004BD193 /* Assets.xcassets */,
				A3B2D08D299EBCEC004BD193 /* Preview Content */,
			);
			path = TabBarDemoInSwift;
			sourceTree = "<group>";
		};
		A3B2D08D299EBCEC004BD193 /* Preview Content */ = {
			isa = PBXGroup;
			children = (
				A3B2D08E299EBCEC004BD193 /* Preview Assets.xcassets */,
			);
			path = "Preview Content";
			sourceTree = "<group>";
		};
		A3B2D097299EBCEC004BD193 /* TabBarDemoInSwiftTests */ = {
			isa = PBXGroup;
			children = (
				A3B2D098299EBCEC004BD193 /* TabBarDemoInSwiftTests.swift */,
			);
			path = TabBarDemoInSwiftTests;
			sourceTree = "<group>";
		};
		A3B2D0A1299EBCEC004BD193 /* TabBarDemoInSwiftUITests */ = {
			isa = PBXGroup;
			children = (
				A3B2D0A2299EBCEC004BD193 /* TabBarDemoInSwiftUITests.swift */,
				A3B2D0A4299EBCEC004BD193 /* TabBarDemoInSwiftUITestsLaunchTests.swift */,
			);
			path = TabBarDemoInSwiftUITests;
			sourceTree = "<group>";
		};
/* End PBXGroup section */

/* Begin PBXNativeTarget section */
		A3B2D083299EBCEA004BD193 /* TabBarDemoInSwift */ = {
			isa = PBXNativeTarget;
			buildConfigurationList = A3B2D0A8299EBCEC004BD193 /* Build configuration list for PBXNativeTarget "TabBarDemoInSwift" */;
			buildPhases = (
				A3B2D080299EBCEA004BD193 /* Sources */,
				A3B2D081299EBCEA004BD193 /* Frameworks */,
				A3B2D082299EBCEA004BD193 /* Resources */,
			);
			buildRules = (
			);
			dependencies = (
			);
			name = TabBarDemoInSwift;
			productName = TabBarDemoInSwift;
			productReference = A3B2D084299EBCEA004BD193 /* TabBarDemoInSwift.app */;
			productType = "com.apple.product-type.application";
		};
		A3B2D093299EBCEC004BD193 /* TabBarDemoInSwiftTests */ = {
			isa = PBXNativeTarget;
			buildConfigurationList = A3B2D0AB299EBCEC004BD193 /* Build configuration list for PBXNativeTarget "TabBarDemoInSwiftTests" */;
			buildPhases = (
				A3B2D090299EBCEC004BD193 /* Sources */,
				A3B2D091299EBCEC004BD193 /* Frameworks */,
				A3B2D092299EBCEC004BD193 /* Resources */,
			);
			buildRules = (
			);
			dependencies = (
				A3B2D096299EBCEC004BD193 /* PBXTargetDependency */,
			);
			name = TabBarDemoInSwiftTests;
			productName = TabBarDemoInSwiftTests;
			productReference = A3B2D094299EBCEC004BD193 /* TabBarDemoInSwiftTests.xctest */;
			productType = "com.apple.product-type.bundle.unit-test";
		};
		A3B2D09D299EBCEC004BD193 /* TabBarDemoInSwiftUITests */ = {
			isa = PBXNativeTarget;
			buildConfigurationList = A3B2D0AE299EBCEC004BD193 /* Build configuration list for PBXNativeTarget "TabBarDemoInSwiftUITests" */;
			buildPhases = (
				A3B2D09A299EBCEC004BD193 /* Sources */,
				A3B2D09B299EBCEC004BD193 /* Frameworks */,
				A3B2D09C299EBCEC004BD193 /* Resources */,
			);
			buildRules = (
			);
			dependencies = (
				A3B2D0A0299EBCEC004BD193 /* PBXTargetDependency */,
			);
			name = TabBarDemoInSwiftUITests;
			productName = TabBarDemoInSwiftUITests;
			productReference = A3B2D09E299EBCEC004BD193 /* TabBarDemoInSwiftUITests.xctest */;
			productType = "com.apple.product-type.bundle.ui-testing";
		};
/* End PBXNativeTarget section */

/* Begin PBXProject section */
		A3B2D07C299EBCEA004BD193 /* Project object */ = {
			isa = PBXProject;
			attributes = {
				BuildIndependentTargetsInParallel = 1;
				LastSwiftUpdateCheck = 1320;
				LastUpgradeCheck = 1320;
				TargetAttributes = {
					A3B2D083299EBCEA004BD193 = {
						CreatedOnToolsVersion = 13.2.1;
					};
					A3B2D093299EBCEC004BD193 = {
						CreatedOnToolsVersion = 13.2.1;
						TestTargetID = A3B2D083299EBCEA004BD193;
					};
					A3B2D09D299EBCEC004BD193 = {
						CreatedOnToolsVersion = 13.2.1;
						TestTargetID = A3B2D083299EBCEA004BD193;
					};
				};
			};
			buildConfigurationList = A3B2D07F299EBCEA004BD193 /* Build configuration list for PBXProject "TabBarDemoInSwift" */;
			compatibilityVersion = "Xcode 13.0";
			developmentRegion = en;
			hasScannedForEncodings = 0;
			knownRegions = (
				en,
				Base,
			);
			mainGroup = A3B2D07B299EBCEA004BD193;
			productRefGroup = A3B2D085299EBCEA004BD193 /* Products */;
			projectDirPath = "";
			projectRoot = "";
			targets = (
				A3B2D083299EBCEA004BD193 /* TabBarDemoInSwift */,
				A3B2D093299EBCEC004BD193 /* TabBarDemoInSwiftTests */,
				A3B2D09D299EBCEC004BD193 /* TabBarDemoInSwiftUITests */,
			);
		};
/* End PBXProject section */

/* Begin PBXResourcesBuildPhase section */
		A3B2D082299EBCEA004BD193 /* Resources */ = {
			isa = PBXResourcesBuildPhase;
			buildActionMask = 2147483647;
			files = (
				A3B2D08F299EBCEC004BD193 /* Preview Assets.xcassets in Resources */,
				A3B2D08C299EBCEC004BD193 /* Assets.xcassets in Resources */,
			);
			runOnlyForDeploymentPostprocessing = 0;
		};
		A3B2D092299EBCEC004BD193 /* Resources */ = {
			isa = PBXResourcesBuildPhase;
			buildActionMask = 2147483647;
			files = (
			);
			runOnlyForDeploymentPostprocessing = 0;
		};
		A3B2D09C299EBCEC004BD193 /* Resources */ = {
			isa = PBXResourcesBuildPhase;
			buildActionMask = 2147483647;
			files = (
			);
			runOnlyForDeploymentPostprocessing = 0;
		};
/* End PBXResourcesBuildPhase section */

/* Begin PBXSourcesBuildPhase section */
		A3B2D080299EBCEA004BD193 /* Sources */ = {
			isa = PBXSourcesBuildPhase;
			buildActionMask = 2147483647;
			files = (
				A3B2D08A299EBCEA004BD193 /* ContentView.swift in Sources */,
				A307D97C29A0D5F200B28886 /* CustomTabBar.swift in Sources */,
				A3B2D088299EBCEA004BD193 /* TabBarDemoInSwiftApp.swift in Sources */,
			);
			runOnlyForDeploymentPostprocessing = 0;
		};
		A3B2D090299EBCEC004BD193 /* Sources */ = {
			isa = PBXSourcesBuildPhase;
			buildActionMask = 2147483647;
			files = (
				A3B2D099299EBCEC004BD193 /* TabBarDemoInSwiftTests.swift in Sources */,
			);
			runOnlyForDeploymentPostprocessing = 0;
		};
		A3B2D09A299EBCEC004BD193 /* Sources */ = {
			isa = PBXSourcesBuildPhase;
			buildActionMask = 2147483647;
			files = (
				A3B2D0A5299EBCEC004BD193 /* TabBarDemoInSwiftUITestsLaunchTests.swift in Sources */,
				A3B2D0A3299EBCEC004BD193 /* TabBarDemoInSwiftUITests.swift in Sources */,
			);
			runOnlyForDeploymentPostprocessing = 0;
		};
/* End PBXSourcesBuildPhase section */

/* Begin PBXTargetDependency section */
		A3B2D096299EBCEC004BD193 /* PBXTargetDependency */ = {
			isa = PBXTargetDependency;
			target = A3B2D083299EBCEA004BD193 /* TabBarDemoInSwift */;
			targetProxy = A3B2D095299EBCEC004BD193 /* PBXContainerItemProxy */;
		};
		A3B2D0A0299EBCEC004BD193 /* PBXTargetDependency */ = {
			isa = PBXTargetDependency;
			target = A3B2D083299EBCEA004BD193 /* TabBarDemoInSwift */;
			targetProxy = A3B2D09F299EBCEC004BD193 /* PBXContainerItemProxy */;
		};
/* End PBXTargetDependency section */

/* Begin XCBuildConfiguration section */
		A3B2D0A6299EBCEC004BD193 /* Debug */ = {
			isa = XCBuildConfiguration;
			buildSettings = {
				ALWAYS_SEARCH_USER_PATHS = NO;
				CLANG_ANALYZER_NONNULL = YES;
				CLANG_ANALYZER_NUMBER_OBJECT_CONVERSION = YES_AGGRESSIVE;
				CLANG_CXX_LANGUAGE_STANDARD = "gnu++17";
				CLANG_CXX_LIBRARY = "libc++";
				CLANG_ENABLE_MODULES = YES;
				CLANG_ENABLE_OBJC_ARC = YES;
				CLANG_ENABLE_OBJC_WEAK = YES;
				CLANG_WARN_BLOCK_CAPTURE_AUTORELEASING = YES;
				CLANG_WARN_BOOL_CONVERSION = YES;
				CLANG_WARN_COMMA = YES;
				CLANG_WARN_CONSTANT_CONVERSION = YES;
				CLANG_WARN_DEPRECATED_OBJC_IMPLEMENTATIONS = YES;
				CLANG_WARN_DIRECT_OBJC_ISA_USAGE = YES_ERROR;
				CLANG_WARN_DOCUMENTATION_COMMENTS = YES;
				CLANG_WARN_EMPTY_BODY = YES;
				CLANG_WARN_ENUM_CONVERSION = YES;
				CLANG_WARN_INFINITE_RECURSION = YES;
				CLANG_WARN_INT_CONVERSION = YES;
				CLANG_WARN_NON_LITERAL_NULL_CONVERSION = YES;
				CLANG_WARN_OBJC_IMPLICIT_RETAIN_SELF = YES;
				CLANG_WARN_OBJC_LITERAL_CONVERSION = YES;
				CLANG_WARN_OBJC_ROOT_CLASS = YES_ERROR;
				CLANG_WARN_QUOTED_INCLUDE_IN_FRAMEWORK_HEADER = YES;
				CLANG_WARN_RANGE_LOOP_ANALYSIS = YES;
				CLANG_WARN_STRICT_PROTOTYPES = YES;
				CLANG_WARN_SUSPICIOUS_MOVE = YES;
				CLANG_WARN_UNGUARDED_AVAILABILITY = YES_AGGRESSIVE;
				CLANG_WARN_UNREACHABLE_CODE = YES;
				CLANG_WARN__DUPLICATE_METHOD_MATCH = YES;
				COPY_PHASE_STRIP = NO;
				DEBUG_INFORMATION_FORMAT = dwarf;
				ENABLE_STRICT_OBJC_MSGSEND = YES;
				ENABLE_TESTABILITY = YES;
				GCC_C_LANGUAGE_STANDARD = gnu11;
				GCC_DYNAMIC_NO_PIC = NO;
				GCC_NO_COMMON_BLOCKS = YES;
				GCC_OPTIMIZATION_LEVEL = 0;
				GCC_PREPROCESSOR_DEFINITIONS = (
					"DEBUG=1",
					"$(inherited)",
				);
				GCC_WARN_64_TO_32_BIT_CONVERSION = YES;
				GCC_WARN_ABOUT_RETURN_TYPE = YES_ERROR;
				GCC_WARN_UNDECLARED_SELECTOR = YES;
				GCC_WARN_UNINITIALIZED_AUTOS = YES_AGGRESSIVE;
				GCC_WARN_UNUSED_FUNCTION = YES;
				GCC_WARN_UNUSED_VARIABLE = YES;
				IPHONEOS_DEPLOYMENT_TARGET = 15.2;
				MTL_ENABLE_DEBUG_INFO = INCLUDE_SOURCE;
				MTL_FAST_MATH = YES;
				ONLY_ACTIVE_ARCH = YES;
				SDKROOT = iphoneos;
				SWIFT_ACTIVE_COMPILATION_CONDITIONS = DEBUG;
				SWIFT_OPTIMIZATION_LEVEL = "-Onone";
			};
			name = Debug;
		};
		A3B2D0A7299EBCEC004BD193 /* Release */ = {
			isa = XCBuildConfiguration;
			buildSettings = {
				ALWAYS_SEARCH_USER_PATHS = NO;
				CLANG_ANALYZER_NONNULL = YES;
				CLANG_ANALYZER_NUMBER_OBJECT_CONVERSION = YES_AGGRESSIVE;
				CLANG_CXX_LANGUAGE_STANDARD = "gnu++17";
				CLANG_CXX_LIBRARY = "libc++";
				CLANG_ENABLE_MODULES = YES;
				CLANG_ENABLE_OBJC_ARC = YES;
				CLANG_ENABLE_OBJC_WEAK = YES;
				CLANG_WARN_BLOCK_CAPTURE_AUTORELEASING = YES;
				CLANG_WARN_BOOL_CONVERSION = YES;
				CLANG_WARN_COMMA = YES;
				CLANG_WARN_CONSTANT_CONVERSION = YES;
				CLANG_WARN_DEPRECATED_OBJC_IMPLEMENTATIONS = YES;
				CLANG_WARN_DIRECT_OBJC_ISA_USAGE = YES_ERROR;
				CLANG_WARN_DOCUMENTATION_COMMENTS = YES;
				CLANG_WARN_EMPTY_BODY = YES;
				CLANG_WARN_ENUM_CONVERSION = YES;
				CLANG_WARN_INFINITE_RECURSION = YES;
				CLANG_WARN_INT_CONVERSION = YES;
				CLANG_WARN_NON_LITERAL_NULL_CONVERSION = YES;
				CLANG_WARN_OBJC_IMPLICIT_RETAIN_SELF = YES;
				CLANG_WARN_OBJC_LITERAL_CONVERSION = YES;
				CLANG_WARN_OBJC_ROOT_CLASS = YES_ERROR;
				CLANG_WARN_QUOTED_INCLUDE_IN_FRAMEWORK_HEADER = YES;
				CLANG_WARN_RANGE_LOOP_ANALYSIS = YES;
				CLANG_WARN_STRICT_PROTOTYPES = YES;
				CLANG_WARN_SUSPICIOUS_MOVE = YES;
				CLANG_WARN_UNGUARDED_AVAILABILITY = YES_AGGRESSIVE;
				CLANG_WARN_UNREACHABLE_CODE = YES;
				CLANG_WARN__DUPLICATE_METHOD_MATCH = YES;
				COPY_PHASE_STRIP = NO;
				DEBUG_INFORMATION_FORMAT = "dwarf-with-dsym";
				ENABLE_NS_ASSERTIONS = NO;
				ENABLE_STRICT_OBJC_MSGSEND = YES;
				GCC_C_LANGUAGE_STANDARD = gnu11;
				GCC_NO_COMMON_BLOCKS = YES;
				GCC_WARN_64_TO_32_BIT_CONVERSION = YES;
				GCC_WARN_ABOUT_RETURN_TYPE = YES_ERROR;
				GCC_WARN_UNDECLARED_SELECTOR = YES;
				GCC_WARN_UNINITIALIZED_AUTOS = YES_AGGRESSIVE;
				GCC_WARN_UNUSED_FUNCTION = YES;
				GCC_WARN_UNUSED_VARIABLE = YES;
				IPHONEOS_DEPLOYMENT_TARGET = 15.2;
				MTL_ENABLE_DEBUG_INFO = NO;
				MTL_FAST_MATH = YES;
				SDKROOT = iphoneos;
				SWIFT_COMPILATION_MODE = wholemodule;
				SWIFT_OPTIMIZATION_LEVEL = "-O";
				VALIDATE_PRODUCT = YES;
			};
			name = Release;
		};
		A3B2D0A9299EBCEC004BD193 /* Debug */ = {
			isa = XCBuildConfiguration;
			buildSettings = {
				ASSETCATALOG_COMPILER_APPICON_NAME = AppIcon;
				ASSETCATALOG_COMPILER_GLOBAL_ACCENT_COLOR_NAME = AccentColor;
				CODE_SIGN_STYLE = Automatic;
				CURRENT_PROJECT_VERSION = 1;
				DEVELOPMENT_ASSET_PATHS = "\"TabBarDemoInSwift/Preview Content\"";
				ENABLE_PREVIEWS = YES;
				GENERATE_INFOPLIST_FILE = YES;
				INFOPLIST_KEY_UIApplicationSceneManifest_Generation = YES;
				INFOPLIST_KEY_UIApplicationSupportsIndirectInputEvents = YES;
				INFOPLIST_KEY_UILaunchScreen_Generation = YES;
				INFOPLIST_KEY_UISupportedInterfaceOrientations_iPad = "UIInterfaceOrientationPortrait UIInterfaceOrientationPortraitUpsideDown UIInterfaceOrientationLandscapeLeft UIInterfaceOrientationLandscapeRight";
				INFOPLIST_KEY_UISupportedInterfaceOrientations_iPhone = "UIInterfaceOrientationPortrait UIInterfaceOrientationLandscapeLeft UIInterfaceOrientationLandscapeRight";
				LD_RUNPATH_SEARCH_PATHS = (
					"$(inherited)",
					"@executable_path/Frameworks",
				);
				MARKETING_VERSION = 1.0;
				PRODUCT_BUNDLE_IDENTIFIER = Prince.TabBarDemoInSwift;
				PRODUCT_NAME = "$(TARGET_NAME)";
				SWIFT_EMIT_LOC_STRINGS = YES;
				SWIFT_VERSION = 5.0;
				TARGETED_DEVICE_FAMILY = "1,2";
			};
			name = Debug;
		};
		A3B2D0AA299EBCEC004BD193 /* Release */ = {
			isa = XCBuildConfiguration;
			buildSettings = {
				ASSETCATALOG_COMPILER_APPICON_NAME = AppIcon;
				ASSETCATALOG_COMPILER_GLOBAL_ACCENT_COLOR_NAME = AccentColor;
				CODE_SIGN_STYLE = Automatic;
				CURRENT_PROJECT_VERSION = 1;
				DEVELOPMENT_ASSET_PATHS = "\"TabBarDemoInSwift/Preview Content\"";
				ENABLE_PREVIEWS = YES;
				GENERATE_INFOPLIST_FILE = YES;
				INFOPLIST_KEY_UIApplicationSceneManifest_Generation = YES;
				INFOPLIST_KEY_UIApplicationSupportsIndirectInputEvents = YES;
				INFOPLIST_KEY_UILaunchScreen_Generation = YES;
				INFOPLIST_KEY_UISupportedInterfaceOrientations_iPad = "UIInterfaceOrientationPortrait UIInterfaceOrientationPortraitUpsideDown UIInterfaceOrientationLandscapeLeft UIInterfaceOrientationLandscapeRight";
				INFOPLIST_KEY_UISupportedInterfaceOrientations_iPhone = "UIInterfaceOrientationPortrait UIInterfaceOrientationLandscapeLeft UIInterfaceOrientationLandscapeRight";
				LD_RUNPATH_SEARCH_PATHS = (
					"$(inherited)",
					"@executable_path/Frameworks",
				);
				MARKETING_VERSION = 1.0;
				PRODUCT_BUNDLE_IDENTIFIER = Prince.TabBarDemoInSwift;
				PRODUCT_NAME = "$(TARGET_NAME)";
				SWIFT_EMIT_LOC_STRINGS = YES;
				SWIFT_VERSION = 5.0;
				TARGETED_DEVICE_FAMILY = "1,2";
			};
			name = Release;
		};
		A3B2D0AC299EBCEC004BD193 /* Debug */ = {
			isa = XCBuildConfiguration;
			buildSettings = {
				ALWAYS_EMBED_SWIFT_STANDARD_LIBRARIES = YES;
				BUNDLE_LOADER = "$(TEST_HOST)";
				CODE_SIGN_STYLE = Automatic;
				CURRENT_PROJECT_VERSION = 1;
				GENERATE_INFOPLIST_FILE = YES;
				IPHONEOS_DEPLOYMENT_TARGET = 15.2;
				MARKETING_VERSION = 1.0;
				PRODUCT_BUNDLE_IDENTIFIER = Prince.TabBarDemoInSwiftTests;
				PRODUCT_NAME = "$(TARGET_NAME)";
				SWIFT_EMIT_LOC_STRINGS = NO;
				SWIFT_VERSION = 5.0;
				TARGETED_DEVICE_FAMILY = "1,2";
				TEST_HOST = "$(BUILT_PRODUCTS_DIR)/TabBarDemoInSwift.app/TabBarDemoInSwift";
			};
			name = Debug;
		};
		A3B2D0AD299EBCEC004BD193 /* Release */ = {
			isa = XCBuildConfiguration;
			buildSettings = {
				ALWAYS_EMBED_SWIFT_STANDARD_LIBRARIES = YES;
				BUNDLE_LOADER = "$(TEST_HOST)";
				CODE_SIGN_STYLE = Automatic;
				CURRENT_PROJECT_VERSION = 1;
				GENERATE_INFOPLIST_FILE = YES;
				IPHONEOS_DEPLOYMENT_TARGET = 15.2;
				MARKETING_VERSION = 1.0;
				PRODUCT_BUNDLE_IDENTIFIER = Prince.TabBarDemoInSwiftTests;
				PRODUCT_NAME = "$(TARGET_NAME)";
				SWIFT_EMIT_LOC_STRINGS = NO;
				SWIFT_VERSION = 5.0;
				TARGETED_DEVICE_FAMILY = "1,2";
				TEST_HOST = "$(BUILT_PRODUCTS_DIR)/TabBarDemoInSwift.app/TabBarDemoInSwift";
			};
			name = Release;
		};
		A3B2D0AF299EBCEC004BD193 /* Debug */ = {
			isa = XCBuildConfiguration;
			buildSettings = {
				ALWAYS_EMBED_SWIFT_STANDARD_LIBRARIES = YES;
				CODE_SIGN_STYLE = Automatic;
				CURRENT_PROJECT_VERSION = 1;
				GENERATE_INFOPLIST_FILE = YES;
				MARKETING_VERSION = 1.0;
				PRODUCT_BUNDLE_IDENTIFIER = Prince.TabBarDemoInSwiftUITests;
				PRODUCT_NAME = "$(TARGET_NAME)";
				SWIFT_EMIT_LOC_STRINGS = NO;
				SWIFT_VERSION = 5.0;
				TARGETED_DEVICE_FAMILY = "1,2";
				TEST_TARGET_NAME = TabBarDemoInSwift;
			};
			name = Debug;
		};
		A3B2D0B0299EBCEC004BD193 /* Release */ = {
			isa = XCBuildConfiguration;
			buildSettings = {
				ALWAYS_EMBED_SWIFT_STANDARD_LIBRARIES = YES;
				CODE_SIGN_STYLE = Automatic;
				CURRENT_PROJECT_VERSION = 1;
				GENERATE_INFOPLIST_FILE = YES;
				MARKETING_VERSION = 1.0;
				PRODUCT_BUNDLE_IDENTIFIER = Prince.TabBarDemoInSwiftUITests;
				PRODUCT_NAME = "$(TARGET_NAME)";
				SWIFT_EMIT_LOC_STRINGS = NO;
				SWIFT_VERSION = 5.0;
				TARGETED_DEVICE_FAMILY = "1,2";
				TEST_TARGET_NAME = TabBarDemoInSwift;
			};
			name = Release;
		};
/* End XCBuildConfiguration section */

/* Begin XCConfigurationList section */
		A3B2D07F299EBCEA004BD193 /* Build configuration list for PBXProject "TabBarDemoInSwift" */ = {
			isa = XCConfigurationList;
			buildConfigurations = (
				A3B2D0A6299EBCEC004BD193 /* Debug */,
				A3B2D0A7299EBCEC004BD193 /* Release */,
			);
			defaultConfigurationIsVisible = 0;
			defaultConfigurationName = Release;
		};
		A3B2D0A8299EBCEC004BD193 /* Build configuration list for PBXNativeTarget "TabBarDemoInSwift" */ = {
			isa = XCConfigurationList;
			buildConfigurations = (
				A3B2D0A9299EBCEC004BD193 /* Debug */,
				A3B2D0AA299EBCEC004BD193 /* Release */,
			);
			defaultConfigurationIsVisible = 0;
			defaultConfigurationName = Release;
		};
		A3B2D0AB299EBCEC004BD193 /* Build configuration list for PBXNativeTarget "TabBarDemoInSwiftTests" */ = {
			isa = XCConfigurationList;
			buildConfigurations = (
				A3B2D0AC299EBCEC004BD193 /* Debug */,
				A3B2D0AD299EBCEC004BD193 /* Release */,
			);
			defaultConfigurationIsVisible = 0;
			defaultConfigurationName = Release;
		};
		A3B2D0AE299EBCEC004BD193 /* Build configuration list for PBXNativeTarget "TabBarDemoInSwiftUITests" */ = {
			isa = XCConfigurationList;
			buildConfigurations = (
				A3B2D0AF299EBCEC004BD193 /* Debug */,
				A3B2D0B0299EBCEC004BD193 /* Release */,
			);
			defaultConfigurationIsVisible = 0;
			defaultConfigurationName = Release;
		};
/* End XCConfigurationList section */
	};
	rootObject = A3B2D07C299EBCEA004BD193 /* Project object */;
}
